
Microsoft Visual Studio Solution File, Format Version 12.00
# Visual Studio Version 17
VisualStudioVersion = 17.3.32929.385
MinimumVisualStudioVersion = 10.0.40219.1
Project("{FAE04EC0-301F-11D3-BF4B-00C04F79EFBC}") = "JokesWebApp", "JokesWebApp\JokesWebApp.csproj", "{B15F2F80-A5EA-40DC-B207-26222DBC181D}"
EndProject
Global
	GlobalSection(SolutionConfigurationPlatforms) = preSolution
		Debug|Any CPU = Debug|Any CPU
		Release|Any CPU = Release|Any CPU
	EndGlobalSection
	GlobalSection(ProjectConfigurationPlatforms) = postSolution
		{B15F2F80-A5EA-40DC-B207-26222DBC181D}.Debug|Any CPU.ActiveCfg = Debug|Any CPU
		{B15F2F80-A5EA-40DC-B207-26222DBC181D}.Debug|Any CPU.Build.0 = Debug|Any CPU
		{B15F2F80-A5EA-40DC-B207-26222DBC181D}.Release|Any CPU.ActiveCfg = Release|Any CPU
		{B15F2F80-A5EA-40DC-B207-26222DBC181D}.Release|Any CPU.Build.0 = Release|Any CPU
	EndGlobalSection
	GlobalSection(SolutionProperties) = preSolution
		HideSolutionNode = FALSE
	EndGlobalSection
	GlobalSection(ExtensibilityGlobals) = postSolution
		SolutionGuid = {ABF55C7D-483E-4ED3-86F5-326CEC1888F2}
	EndGlobalSection
EndGlobal
